// !$*UTF8*$!
{
	archiveVersion = 1;
	classes = {
	};
	objectVersion = 56;
	objects = {

/* Begin PBXBuildFile section */
		03E708672C174FAD00C2E244 /* QuotesApp.swift in Sources */ = {isa = PBXBuildFile; fileRef = 03E708662C174FAD00C2E244 /* QuotesApp.swift */; };
		03E708692C174FAD00C2E244 /* ContentView.swift in Sources */ = {isa = PBXBuildFile; fileRef = 03E708682C174FAD00C2E244 /* ContentView.swift */; };
		03E7086B2C174FAE00C2E244 /* Assets.xcassets in Resources */ = {isa = PBXBuildFile; fileRef = 03E7086A2C174FAE00C2E244 /* Assets.xcassets */; };
		03E7086E2C174FAE00C2E244 /* Preview Assets.xcassets in Resources */ = {isa = PBXBuildFile; fileRef = 03E7086D2C174FAE00C2E244 /* Preview Assets.xcassets */; };
		03E708702C174FAE00C2E244 /* Persistence.swift in Sources */ = {isa = PBXBuildFile; fileRef = 03E7086F2C174FAE00C2E244 /* Persistence.swift */; };
		03E708732C174FAE00C2E244 /* Quotes.xcdatamodeld in Sources */ = {isa = PBXBuildFile; fileRef = 03E708712C174FAE00C2E244 /* Quotes.xcdatamodeld */; };
		03E7087A2C1753ED00C2E244 /* Quote.swift in Sources */ = {isa = PBXBuildFile; fileRef = 03E708792C1753ED00C2E244 /* Quote.swift */; };
		03E708862C176F6D00C2E244 /* WidgetKit.framework in Frameworks */ = {isa = PBXBuildFile; fileRef = 03E708852C176F6D00C2E244 /* WidgetKit.framework */; };
		03E708882C176F6D00C2E244 /* SwiftUI.framework in Frameworks */ = {isa = PBXBuildFile; fileRef = 03E708872C176F6D00C2E244 /* SwiftUI.framework */; };
		03E7088B2C176F6D00C2E244 /* QuotesWidgetBundle.swift in Sources */ = {isa = PBXBuildFile; fileRef = 03E7088A2C176F6D00C2E244 /* QuotesWidgetBundle.swift */; };
		03E7088D2C176F6D00C2E244 /* QuotesWidget.swift in Sources */ = {isa = PBXBuildFile; fileRef = 03E7088C2C176F6D00C2E244 /* QuotesWidget.swift */; };
		03E7088F2C176F6E00C2E244 /* Assets.xcassets in Resources */ = {isa = PBXBuildFile; fileRef = 03E7088E2C176F6E00C2E244 /* Assets.xcassets */; };
		03E708932C176F6E00C2E244 /* QuotesWidgetExtension.appex in Embed Foundation Extensions */ = {isa = PBXBuildFile; fileRef = 03E708832C176F6D00C2E244 /* QuotesWidgetExtension.appex */; settings = {ATTRIBUTES = (RemoveHeadersOnCopy, ); }; };
		03E7089D2C17723400C2E244 /* QuoteDataManager.swift in Sources */ = {isa = PBXBuildFile; fileRef = 03E7087B2C17542600C2E244 /* QuoteDataManager.swift */; };
		03E7089E2C17727300C2E244 /* Quote.swift in Sources */ = {isa = PBXBuildFile; fileRef = 03E708792C1753ED00C2E244 /* Quote.swift */; };
		03E7089F2C17727500C2E244 /* QuoteDataManager.swift in Sources */ = {isa = PBXBuildFile; fileRef = 03E7087B2C17542600C2E244 /* QuoteDataManager.swift */; };
		03E708A02C1772A900C2E244 /* Quotes.xcdatamodeld in Sources */ = {isa = PBXBuildFile; fileRef = 03E708712C174FAE00C2E244 /* Quotes.xcdatamodeld */; };
		03E708A12C1772B900C2E244 /* Persistence.swift in Sources */ = {isa = PBXBuildFile; fileRef = 03E7086F2C174FAE00C2E244 /* Persistence.swift */; };
		03E708A42C17739100C2E244 /* QuotesWidget.swift in Sources */ = {isa = PBXBuildFile; fileRef = 03E7088C2C176F6D00C2E244 /* QuotesWidget.swift */; };
		03E708A62C18545500C2E244 /* QuoteCardView.swift in Sources */ = {isa = PBXBuildFile; fileRef = 03E708A52C18545500C2E244 /* QuoteCardView.swift */; };
		03E708A72C18550D00C2E244 /* ContentView.swift in Sources */ = {isa = PBXBuildFile; fileRef = 03E708682C174FAD00C2E244 /* ContentView.swift */; };
		03E708A82C18551100C2E244 /* QuoteCardView.swift in Sources */ = {isa = PBXBuildFile; fileRef = 03E708A52C18545500C2E244 /* QuoteCardView.swift */; };
/* End PBXBuildFile section */

/* Begin PBXContainerItemProxy section */
		03E708912C176F6E00C2E244 /* PBXContainerItemProxy */ = {
			isa = PBXContainerItemProxy;
			containerPortal = 03E7085B2C174FAD00C2E244 /* Project object */;
			proxyType = 1;
			remoteGlobalIDString = 03E708822C176F6D00C2E244;
			remoteInfo = QuotesWidgetExtension;
		};
/* End PBXContainerItemProxy section */

/* Begin PBXCopyFilesBuildPhase section */
		03E708972C176F6E00C2E244 /* Embed Foundation Extensions */ = {
			isa = PBXCopyFilesBuildPhase;
			buildActionMask = 2147483647;
			dstPath = "";
			dstSubfolderSpec = 13;
			files = (
				03E708932C176F6E00C2E244 /* QuotesWidgetExtension.appex in Embed Foundation Extensions */,
			);
			name = "Embed Foundation Extensions";
			runOnlyForDeploymentPostprocessing = 0;
		};
/* End PBXCopyFilesBuildPhase section */

/* Begin PBXFileReference section */
		03E708632C174FAD00C2E244 /* Quotes.app */ = {isa = PBXFileReference; explicitFileType = wrapper.application; includeInIndex = 0; path = Quotes.app; sourceTree = BUILT_PRODUCTS_DIR; };
		03E708662C174FAD00C2E244 /* QuotesApp.swift */ = {isa = PBXFileReference; lastKnownFileType = sourcecode.swift; path = QuotesApp.swift; sourceTree = "<group>"; };
		03E708682C174FAD00C2E244 /* ContentView.swift */ = {isa = PBXFileReference; lastKnownFileType = sourcecode.swift; path = ContentView.swift; sourceTree = "<group>"; };
		03E7086A2C174FAE00C2E244 /* Assets.xcassets */ = {isa = PBXFileReference; lastKnownFileType = folder.assetcatalog; path = Assets.xcassets; sourceTree = "<group>"; };
		03E7086D2C174FAE00C2E244 /* Preview Assets.xcassets */ = {isa = PBXFileReference; lastKnownFileType = folder.assetcatalog; path = "Preview Assets.xcassets"; sourceTree = "<group>"; };
		03E7086F2C174FAE00C2E244 /* Persistence.swift */ = {isa = PBXFileReference; lastKnownFileType = sourcecode.swift; path = Persistence.swift; sourceTree = "<group>"; };
		03E708722C174FAE00C2E244 /* Quotes.xcdatamodel */ = {isa = PBXFileReference; lastKnownFileType = wrapper.xcdatamodel; path = Quotes.xcdatamodel; sourceTree = "<group>"; };
		03E708792C1753ED00C2E244 /* Quote.swift */ = {isa = PBXFileReference; lastKnownFileType = sourcecode.swift; path = Quote.swift; sourceTree = "<group>"; };
		03E7087B2C17542600C2E244 /* QuoteDataManager.swift */ = {isa = PBXFileReference; lastKnownFileType = sourcecode.swift; path = QuoteDataManager.swift; sourceTree = "<group>"; };
		03E708832C176F6D00C2E244 /* QuotesWidgetExtension.appex */ = {isa = PBXFileReference; explicitFileType = "wrapper.app-extension"; includeInIndex = 0; path = QuotesWidgetExtension.appex; sourceTree = BUILT_PRODUCTS_DIR; };
		03E708852C176F6D00C2E244 /* WidgetKit.framework */ = {isa = PBXFileReference; lastKnownFileType = wrapper.framework; name = WidgetKit.framework; path = System/Library/Frameworks/WidgetKit.framework; sourceTree = SDKROOT; };
		03E708872C176F6D00C2E244 /* SwiftUI.framework */ = {isa = PBXFileReference; lastKnownFileType = wrapper.framework; name = SwiftUI.framework; path = System/Library/Frameworks/SwiftUI.framework; sourceTree = SDKROOT; };
		03E7088A2C176F6D00C2E244 /* QuotesWidgetBundle.swift */ = {isa = PBXFileReference; lastKnownFileType = sourcecode.swift; path = QuotesWidgetBundle.swift; sourceTree = "<group>"; };
		03E7088C2C176F6D00C2E244 /* QuotesWidget.swift */ = {isa = PBXFileReference; lastKnownFileType = sourcecode.swift; path = QuotesWidget.swift; sourceTree = "<group>"; };
		03E7088E2C176F6E00C2E244 /* Assets.xcassets */ = {isa = PBXFileReference; lastKnownFileType = folder.assetcatalog; path = Assets.xcassets; sourceTree = "<group>"; };
		03E708902C176F6E00C2E244 /* Info.plist */ = {isa = PBXFileReference; lastKnownFileType = text.plist.xml; path = Info.plist; sourceTree = "<group>"; };
		03E708A52C18545500C2E244 /* QuoteCardView.swift */ = {isa = PBXFileReference; lastKnownFileType = sourcecode.swift; path = QuoteCardView.swift; sourceTree = "<group>"; };
/* End PBXFileReference section */

/* Begin PBXFrameworksBuildPhase section */
		03E708602C174FAD00C2E244 /* Frameworks */ = {
			isa = PBXFrameworksBuildPhase;
			buildActionMask = 2147483647;
			files = (
			);
			runOnlyForDeploymentPostprocessing = 0;
		};
		03E708802C176F6D00C2E244 /* Frameworks */ = {
			isa = PBXFrameworksBuildPhase;
			buildActionMask = 2147483647;
			files = (
				03E708882C176F6D00C2E244 /* SwiftUI.framework in Frameworks */,
				03E708862C176F6D00C2E244 /* WidgetKit.framework in Frameworks */,
			);
			runOnlyForDeploymentPostprocessing = 0;
		};
/* End PBXFrameworksBuildPhase section */

/* Begin PBXGroup section */
		03E7085A2C174FAD00C2E244 = {
			isa = PBXGroup;
			children = (
				03E708652C174FAD00C2E244 /* Quotes */,
				03E708892C176F6D00C2E244 /* QuotesWidget */,
				03E708842C176F6D00C2E244 /* Frameworks */,
				03E708642C174FAD00C2E244 /* Products */,
			);
			sourceTree = "<group>";
		};
		03E708642C174FAD00C2E244 /* Products */ = {
			isa = PBXGroup;
			children = (
				03E708632C174FAD00C2E244 /* Quotes.app */,
				03E708832C176F6D00C2E244 /* QuotesWidgetExtension.appex */,
			);
			name = Products;
			sourceTree = "<group>";
		};
		03E708652C174FAD00C2E244 /* Quotes */ = {
			isa = PBXGroup;
			children = (
				03E708662C174FAD00C2E244 /* QuotesApp.swift */,
				03E708682C174FAD00C2E244 /* ContentView.swift */,
				03E7086F2C174FAE00C2E244 /* Persistence.swift */,
				03E708792C1753ED00C2E244 /* Quote.swift */,
				03E7087B2C17542600C2E244 /* QuoteDataManager.swift */,
				03E708A52C18545500C2E244 /* QuoteCardView.swift */,
				03E7086A2C174FAE00C2E244 /* Assets.xcassets */,
				03E708712C174FAE00C2E244 /* Quotes.xcdatamodeld */,
				03E7086C2C174FAE00C2E244 /* Preview Content */,
			);
			path = Quotes;
			sourceTree = "<group>";
		};
		03E7086C2C174FAE00C2E244 /* Preview Content */ = {
			isa = PBXGroup;
			children = (
				03E7086D2C174FAE00C2E244 /* Preview Assets.xcassets */,
			);
			path = "Preview Content";
			sourceTree = "<group>";
		};
		03E708842C176F6D00C2E244 /* Frameworks */ = {
			isa = PBXGroup;
			children = (
				03E708852C176F6D00C2E244 /* WidgetKit.framework */,
				03E708872C176F6D00C2E244 /* SwiftUI.framework */,
			);
			name = Frameworks;
			sourceTree = "<group>";
		};
		03E708892C176F6D00C2E244 /* QuotesWidget */ = {
			isa = PBXGroup;
			children = (
				03E7088A2C176F6D00C2E244 /* QuotesWidgetBundle.swift */,
				03E7088C2C176F6D00C2E244 /* QuotesWidget.swift */,
				03E7088E2C176F6E00C2E244 /* Assets.xcassets */,
				03E708902C176F6E00C2E244 /* Info.plist */,
			);
			path = QuotesWidget;
			sourceTree = "<group>";
		};
/* End PBXGroup section */

/* Begin PBXNativeTarget section */
		03E708622C174FAD00C2E244 /* Quotes */ = {
			isa = PBXNativeTarget;
			buildConfigurationList = 03E708762C174FAE00C2E244 /* Build configuration list for PBXNativeTarget "Quotes" */;
			buildPhases = (
				03E7085F2C174FAD00C2E244 /* Sources */,
				03E708602C174FAD00C2E244 /* Frameworks */,
				03E708612C174FAD00C2E244 /* Resources */,
				03E708972C176F6E00C2E244 /* Embed Foundation Extensions */,
			);
			buildRules = (
			);
			dependencies = (
				03E708922C176F6E00C2E244 /* PBXTargetDependency */,
			);
			name = Quotes;
			productName = Quotes;
			productReference = 03E708632C174FAD00C2E244 /* Quotes.app */;
			productType = "com.apple.product-type.application";
		};
		03E708822C176F6D00C2E244 /* QuotesWidgetExtension */ = {
			isa = PBXNativeTarget;
			buildConfigurationList = 03E708942C176F6E00C2E244 /* Build configuration list for PBXNativeTarget "QuotesWidgetExtension" */;
			buildPhases = (
				03E7087F2C176F6D00C2E244 /* Sources */,
				03E708802C176F6D00C2E244 /* Frameworks */,
				03E708812C176F6D00C2E244 /* Resources */,
			);
			buildRules = (
			);
			dependencies = (
			);
			name = QuotesWidgetExtension;
			productName = QuotesWidgetExtension;
			productReference = 03E708832C176F6D00C2E244 /* QuotesWidgetExtension.appex */;
			productType = "com.apple.product-type.app-extension";
		};
/* End PBXNativeTarget section */

/* Begin PBXProject section */
		03E7085B2C174FAD00C2E244 /* Project object */ = {
			isa = PBXProject;
			attributes = {
				BuildIndependentTargetsInParallel = 1;
				LastSwiftUpdateCheck = 1530;
				LastUpgradeCheck = 1530;
				TargetAttributes = {
					03E708622C174FAD00C2E244 = {
						CreatedOnToolsVersion = 15.3;
					};
					03E708822C176F6D00C2E244 = {
						CreatedOnToolsVersion = 15.3;
					};
				};
			};
			buildConfigurationList = 03E7085E2C174FAD00C2E244 /* Build configuration list for PBXProject "Quotes" */;
			compatibilityVersion = "Xcode 14.0";
			developmentRegion = en;
			hasScannedForEncodings = 0;
			knownRegions = (
				en,
				Base,
			);
			mainGroup = 03E7085A2C174FAD00C2E244;
			productRefGroup = 03E708642C174FAD00C2E244 /* Products */;
			projectDirPath = "";
			projectRoot = "";
			targets = (
				03E708622C174FAD00C2E244 /* Quotes */,
				03E708822C176F6D00C2E244 /* QuotesWidgetExtension */,
			);
		};
/* End PBXProject section */

/* Begin PBXResourcesBuildPhase section */
		03E708612C174FAD00C2E244 /* Resources */ = {
			isa = PBXResourcesBuildPhase;
			buildActionMask = 2147483647;
			files = (
				03E7086E2C174FAE00C2E244 /* Preview Assets.xcassets in Resources */,
				03E7086B2C174FAE00C2E244 /* Assets.xcassets in Resources */,
			);
			runOnlyForDeploymentPostprocessing = 0;
		};
		03E708812C176F6D00C2E244 /* Resources */ = {
			isa = PBXResourcesBuildPhase;
			buildActionMask = 2147483647;
			files = (
				03E7088F2C176F6E00C2E244 /* Assets.xcassets in Resources */,
			);
			runOnlyForDeploymentPostprocessing = 0;
		};
/* End PBXResourcesBuildPhase section */

/* Begin PBXSourcesBuildPhase section */
		03E7085F2C174FAD00C2E244 /* Sources */ = {
			isa = PBXSourcesBuildPhase;
			buildActionMask = 2147483647;
			files = (
				03E708A42C17739100C2E244 /* QuotesWidget.swift in Sources */,
				03E708A62C18545500C2E244 /* QuoteCardView.swift in Sources */,
				03E7089F2C17727500C2E244 /* QuoteDataManager.swift in Sources */,
				03E708732C174FAE00C2E244 /* Quotes.xcdatamodeld in Sources */,
				03E708702C174FAE00C2E244 /* Persistence.swift in Sources */,
				03E708692C174FAD00C2E244 /* ContentView.swift in Sources */,
				03E7087A2C1753ED00C2E244 /* Quote.swift in Sources */,
				03E708672C174FAD00C2E244 /* QuotesApp.swift in Sources */,
			);
			runOnlyForDeploymentPostprocessing = 0;
		};
		03E7087F2C176F6D00C2E244 /* Sources */ = {
			isa = PBXSourcesBuildPhase;
			buildActionMask = 2147483647;
			files = (
				03E7089E2C17727300C2E244 /* Quote.swift in Sources */,
				03E708A82C18551100C2E244 /* QuoteCardView.swift in Sources */,
				03E708A02C1772A900C2E244 /* Quotes.xcdatamodeld in Sources */,
				03E708A72C18550D00C2E244 /* ContentView.swift in Sources */,
				03E7089D2C17723400C2E244 /* QuoteDataManager.swift in Sources */,
				03E708A12C1772B900C2E244 /* Persistence.swift in Sources */,
				03E7088D2C176F6D00C2E244 /* QuotesWidget.swift in Sources */,
				03E7088B2C176F6D00C2E244 /* QuotesWidgetBundle.swift in Sources */,
			);
			runOnlyForDeploymentPostprocessing = 0;
		};
/* End PBXSourcesBuildPhase section */

/* Begin PBXTargetDependency section */
		03E708922C176F6E00C2E244 /* PBXTargetDependency */ = {
			isa = PBXTargetDependency;
			target = 03E708822C176F6D00C2E244 /* QuotesWidgetExtension */;
			targetProxy = 03E708912C176F6E00C2E244 /* PBXContainerItemProxy */;
		};
/* End PBXTargetDependency section */

/* Begin XCBuildConfiguration section */
		03E708742C174FAE00C2E244 /* Debug */ = {
			isa = XCBuildConfiguration;
			buildSettings = {
				ALWAYS_SEARCH_USER_PATHS = NO;
				ASSETCATALOG_COMPILER_GENERATE_SWIFT_ASSET_SYMBOL_EXTENSIONS = YES;
				CLANG_ANALYZER_NONNULL = YES;
				CLANG_ANALYZER_NUMBER_OBJECT_CONVERSION = YES_AGGRESSIVE;
				CLANG_CXX_LANGUAGE_STANDARD = "gnu++20";
				CLANG_ENABLE_MODULES = YES;
				CLANG_ENABLE_OBJC_ARC = YES;
				CLANG_ENABLE_OBJC_WEAK = YES;
				CLANG_WARN_BLOCK_CAPTURE_AUTORELEASING = YES;
				CLANG_WARN_BOOL_CONVERSION = YES;
				CLANG_WARN_COMMA = YES;
				CLANG_WARN_CONSTANT_CONVERSION = YES;
				CLANG_WARN_DEPRECATED_OBJC_IMPLEMENTATIONS = YES;
				CLANG_WARN_DIRECT_OBJC_ISA_USAGE = YES_ERROR;
				CLANG_WARN_DOCUMENTATION_COMMENTS = YES;
				CLANG_WARN_EMPTY_BODY = YES;
				CLANG_WARN_ENUM_CONVERSION = YES;
				CLANG_WARN_INFINITE_RECURSION = YES;
				CLANG_WARN_INT_CONVERSION = YES;
				CLANG_WARN_NON_LITERAL_NULL_CONVERSION = YES;
				CLANG_WARN_OBJC_IMPLICIT_RETAIN_SELF = YES;
				CLANG_WARN_OBJC_LITERAL_CONVERSION = YES;
				CLANG_WARN_OBJC_ROOT_CLASS = YES_ERROR;
				CLANG_WARN_QUOTED_INCLUDE_IN_FRAMEWORK_HEADER = YES;
				CLANG_WARN_RANGE_LOOP_ANALYSIS = YES;
				CLANG_WARN_STRICT_PROTOTYPES = YES;
				CLANG_WARN_SUSPICIOUS_MOVE = YES;
				CLANG_WARN_UNGUARDED_AVAILABILITY = YES_AGGRESSIVE;
				CLANG_WARN_UNREACHABLE_CODE = YES;
				CLANG_WARN__DUPLICATE_METHOD_MATCH = YES;
				COPY_PHASE_STRIP = NO;
				DEBUG_INFORMATION_FORMAT = dwarf;
				ENABLE_STRICT_OBJC_MSGSEND = YES;
				ENABLE_TESTABILITY = YES;
				ENABLE_USER_SCRIPT_SANDBOXING = YES;
				GCC_C_LANGUAGE_STANDARD = gnu17;
				GCC_DYNAMIC_NO_PIC = NO;
				GCC_NO_COMMON_BLOCKS = YES;
				GCC_OPTIMIZATION_LEVEL = 0;
				GCC_PREPROCESSOR_DEFINITIONS = (
					"DEBUG=1",
					"$(inherited)",
				);
				GCC_WARN_64_TO_32_BIT_CONVERSION = YES;
				GCC_WARN_ABOUT_RETURN_TYPE = YES_ERROR;
				GCC_WARN_UNDECLARED_SELECTOR = YES;
				GCC_WARN_UNINITIALIZED_AUTOS = YES_AGGRESSIVE;
				GCC_WARN_UNUSED_FUNCTION = YES;
				GCC_WARN_UNUSED_VARIABLE = YES;
				IPHONEOS_DEPLOYMENT_TARGET = 17.4;
				LOCALIZATION_PREFERS_STRING_CATALOGS = YES;
				MTL_ENABLE_DEBUG_INFO = INCLUDE_SOURCE;
				MTL_FAST_MATH = YES;
				ONLY_ACTIVE_ARCH = YES;
				SDKROOT = iphoneos;
				SWIFT_ACTIVE_COMPILATION_CONDITIONS = "DEBUG $(inherited)";
				SWIFT_OPTIMIZATION_LEVEL = "-Onone";
			};
			name = Debug;
		};
		03E708752C174FAE00C2E244 /* Release */ = {
			isa = XCBuildConfiguration;
			buildSettings = {
				ALWAYS_SEARCH_USER_PATHS = NO;
				ASSETCATALOG_COMPILER_GENERATE_SWIFT_ASSET_SYMBOL_EXTENSIONS = YES;
				CLANG_ANALYZER_NONNULL = YES;
				CLANG_ANALYZER_NUMBER_OBJECT_CONVERSION = YES_AGGRESSIVE;
				CLANG_CXX_LANGUAGE_STANDARD = "gnu++20";
				CLANG_ENABLE_MODULES = YES;
				CLANG_ENABLE_OBJC_ARC = YES;
				CLANG_ENABLE_OBJC_WEAK = YES;
				CLANG_WARN_BLOCK_CAPTURE_AUTORELEASING = YES;
				CLANG_WARN_BOOL_CONVERSION = YES;
				CLANG_WARN_COMMA = YES;
				CLANG_WARN_CONSTANT_CONVERSION = YES;
				CLANG_WARN_DEPRECATED_OBJC_IMPLEMENTATIONS = YES;
				CLANG_WARN_DIRECT_OBJC_ISA_USAGE = YES_ERROR;
				CLANG_WARN_DOCUMENTATION_COMMENTS = YES;
				CLANG_WARN_EMPTY_BODY = YES;
				CLANG_WARN_ENUM_CONVERSION = YES;
				CLANG_WARN_INFINITE_RECURSION = YES;
				CLANG_WARN_INT_CONVERSION = YES;
				CLANG_WARN_NON_LITERAL_NULL_CONVERSION = YES;
				CLANG_WARN_OBJC_IMPLICIT_RETAIN_SELF = YES;
				CLANG_WARN_OBJC_LITERAL_CONVERSION = YES;
				CLANG_WARN_OBJC_ROOT_CLASS = YES_ERROR;
				CLANG_WARN_QUOTED_INCLUDE_IN_FRAMEWORK_HEADER = YES;
				CLANG_WARN_RANGE_LOOP_ANALYSIS = YES;
				CLANG_WARN_STRICT_PROTOTYPES = YES;
				CLANG_WARN_SUSPICIOUS_MOVE = YES;
				CLANG_WARN_UNGUARDED_AVAILABILITY = YES_AGGRESSIVE;
				CLANG_WARN_UNREACHABLE_CODE = YES;
				CLANG_WARN__DUPLICATE_METHOD_MATCH = YES;
				COPY_PHASE_STRIP = NO;
				DEBUG_INFORMATION_FORMAT = "dwarf-with-dsym";
				ENABLE_NS_ASSERTIONS = NO;
				ENABLE_STRICT_OBJC_MSGSEND = YES;
				ENABLE_USER_SCRIPT_SANDBOXING = YES;
				GCC_C_LANGUAGE_STANDARD = gnu17;
				GCC_NO_COMMON_BLOCKS = YES;
				GCC_WARN_64_TO_32_BIT_CONVERSION = YES;
				GCC_WARN_ABOUT_RETURN_TYPE = YES_ERROR;
				GCC_WARN_UNDECLARED_SELECTOR = YES;
				GCC_WARN_UNINITIALIZED_AUTOS = YES_AGGRESSIVE;
				GCC_WARN_UNUSED_FUNCTION = YES;
				GCC_WARN_UNUSED_VARIABLE = YES;
				IPHONEOS_DEPLOYMENT_TARGET = 17.4;
				LOCALIZATION_PREFERS_STRING_CATALOGS = YES;
				MTL_ENABLE_DEBUG_INFO = NO;
				MTL_FAST_MATH = YES;
				SDKROOT = iphoneos;
				SWIFT_COMPILATION_MODE = wholemodule;
				VALIDATE_PRODUCT = YES;
			};
			name = Release;
		};
		03E708772C174FAE00C2E244 /* Debug */ = {
			isa = XCBuildConfiguration;
			buildSettings = {
				ALWAYS_EMBED_SWIFT_STANDARD_LIBRARIES = YES;
				ASSETCATALOG_COMPILER_APPICON_NAME = AppIcon;
				ASSETCATALOG_COMPILER_GLOBAL_ACCENT_COLOR_NAME = AccentColor;
				CODE_SIGN_STYLE = Automatic;
				CURRENT_PROJECT_VERSION = 1;
				DEVELOPMENT_ASSET_PATHS = "\"Quotes/Preview Content\"";
				ENABLE_PREVIEWS = YES;
				GENERATE_INFOPLIST_FILE = YES;
				INFOPLIST_KEY_UIApplicationSceneManifest_Generation = YES;
				INFOPLIST_KEY_UIApplicationSupportsIndirectInputEvents = YES;
				INFOPLIST_KEY_UILaunchScreen_Generation = YES;
				INFOPLIST_KEY_UISupportedInterfaceOrientations_iPad = "UIInterfaceOrientationPortrait UIInterfaceOrientationPortraitUpsideDown UIInterfaceOrientationLandscapeLeft UIInterfaceOrientationLandscapeRight";
				INFOPLIST_KEY_UISupportedInterfaceOrientations_iPhone = "UIInterfaceOrientationPortrait UIInterfaceOrientationLandscapeLeft UIInterfaceOrientationLandscapeRight";
				LD_RUNPATH_SEARCH_PATHS = (
					"$(inherited)",
					"@executable_path/Frameworks",
				);
				MARKETING_VERSION = 1.0;
				PRODUCT_BUNDLE_IDENTIFIER = com.scheuringtamas.Quotes;
				PRODUCT_NAME = "$(TARGET_NAME)";
				SWIFT_EMIT_LOC_STRINGS = YES;
				SWIFT_VERSION = 5.0;
				TARGETED_DEVICE_FAMILY = "1,2";
			};
			name = Debug;
		};
		03E708782C174FAE00C2E244 /* Release */ = {
			isa = XCBuildConfiguration;
			buildSettings = {
				ALWAYS_EMBED_SWIFT_STANDARD_LIBRARIES = YES;
				ASSETCATALOG_COMPILER_APPICON_NAME = AppIcon;
				ASSETCATALOG_COMPILER_GLOBAL_ACCENT_COLOR_NAME = AccentColor;
				CODE_SIGN_STYLE = Automatic;
				CURRENT_PROJECT_VERSION = 1;
				DEVELOPMENT_ASSET_PATHS = "\"Quotes/Preview Content\"";
				ENABLE_PREVIEWS = YES;
				GENERATE_INFOPLIST_FILE = YES;
				INFOPLIST_KEY_UIApplicationSceneManifest_Generation = YES;
				INFOPLIST_KEY_UIApplicationSupportsIndirectInputEvents = YES;
				INFOPLIST_KEY_UILaunchScreen_Generation = YES;
				INFOPLIST_KEY_UISupportedInterfaceOrientations_iPad = "UIInterfaceOrientationPortrait UIInterfaceOrientationPortraitUpsideDown UIInterfaceOrientationLandscapeLeft UIInterfaceOrientationLandscapeRight";
				INFOPLIST_KEY_UISupportedInterfaceOrientations_iPhone = "UIInterfaceOrientationPortrait UIInterfaceOrientationLandscapeLeft UIInterfaceOrientationLandscapeRight";
				LD_RUNPATH_SEARCH_PATHS = (
					"$(inherited)",
					"@executable_path/Frameworks",
				);
				MARKETING_VERSION = 1.0;
				PRODUCT_BUNDLE_IDENTIFIER = com.scheuringtamas.Quotes;
				PRODUCT_NAME = "$(TARGET_NAME)";
				SWIFT_EMIT_LOC_STRINGS = YES;
				SWIFT_VERSION = 5.0;
				TARGETED_DEVICE_FAMILY = "1,2";
			};
			name = Release;
		};
		03E708952C176F6E00C2E244 /* Debug */ = {
			isa = XCBuildConfiguration;
			buildSettings = {
				ASSETCATALOG_COMPILER_GLOBAL_ACCENT_COLOR_NAME = AccentColor;
				ASSETCATALOG_COMPILER_WIDGET_BACKGROUND_COLOR_NAME = WidgetBackground;
				CODE_SIGN_STYLE = Automatic;
				CURRENT_PROJECT_VERSION = 1;
				GENERATE_INFOPLIST_FILE = YES;
				INFOPLIST_FILE = QuotesWidget/Info.plist;
				INFOPLIST_KEY_CFBundleDisplayName = QuotesWidget;
				INFOPLIST_KEY_NSHumanReadableCopyright = "";
				LD_RUNPATH_SEARCH_PATHS = (
					"$(inherited)",
					"@executable_path/Frameworks",
					"@executable_path/../../Frameworks",
				);
				MARKETING_VERSION = 1.0;
				PRODUCT_BUNDLE_IDENTIFIER = com.scheuringtamas.Quotes.QuotesWidget;
				PRODUCT_NAME = "$(TARGET_NAME)";
				SKIP_INSTALL = YES;
				SWIFT_EMIT_LOC_STRINGS = YES;
				SWIFT_VERSION = 5.0;
				TARGETED_DEVICE_FAMILY = "1,2";
			};
			name = Debug;
		};
		03E708962C176F6E00C2E244 /* Release */ = {
			isa = XCBuildConfiguration;
			buildSettings = {
				ASSETCATALOG_COMPILER_GLOBAL_ACCENT_COLOR_NAME = AccentColor;
				ASSETCATALOG_COMPILER_WIDGET_BACKGROUND_COLOR_NAME = WidgetBackground;
				CODE_SIGN_STYLE = Automatic;
				CURRENT_PROJECT_VERSION = 1;
				GENERATE_INFOPLIST_FILE = YES;
				INFOPLIST_FILE = QuotesWidget/Info.plist;
				INFOPLIST_KEY_CFBundleDisplayName = QuotesWidget;
				INFOPLIST_KEY_NSHumanReadableCopyright = "";
				LD_RUNPATH_SEARCH_PATHS = (
					"$(inherited)",
					"@executable_path/Frameworks",
					"@executable_path/../../Frameworks",
				);
				MARKETING_VERSION = 1.0;
				PRODUCT_BUNDLE_IDENTIFIER = com.scheuringtamas.Quotes.QuotesWidget;
				PRODUCT_NAME = "$(TARGET_NAME)";
				SKIP_INSTALL = YES;
				SWIFT_EMIT_LOC_STRINGS = YES;
				SWIFT_VERSION = 5.0;
				TARGETED_DEVICE_FAMILY = "1,2";
			};
			name = Release;
		};
/* End XCBuildConfiguration section */

/* Begin XCConfigurationList section */
		03E7085E2C174FAD00C2E244 /* Build configuration list for PBXProject "Quotes" */ = {
			isa = XCConfigurationList;
			buildConfigurations = (
				03E708742C174FAE00C2E244 /* Debug */,
				03E708752C174FAE00C2E244 /* Release */,
			);
			defaultConfigurationIsVisible = 0;
			defaultConfigurationName = Release;
		};
		03E708762C174FAE00C2E244 /* Build configuration list for PBXNativeTarget "Quotes" */ = {
			isa = XCConfigurationList;
			buildConfigurations = (
				03E708772C174FAE00C2E244 /* Debug */,
				03E708782C174FAE00C2E244 /* Release */,
			);
			defaultConfigurationIsVisible = 0;
			defaultConfigurationName = Release;
		};
		03E708942C176F6E00C2E244 /* Build configuration list for PBXNativeTarget "QuotesWidgetExtension" */ = {
			isa = XCConfigurationList;
			buildConfigurations = (
				03E708952C176F6E00C2E244 /* Debug */,
				03E708962C176F6E00C2E244 /* Release */,
			);
			defaultConfigurationIsVisible = 0;
			defaultConfigurationName = Release;
		};
/* End XCConfigurationList section */

/* Begin XCVersionGroup section */
		03E708712C174FAE00C2E244 /* Quotes.xcdatamodeld */ = {
			isa = XCVersionGroup;
			children = (
				03E708722C174FAE00C2E244 /* Quotes.xcdatamodel */,
			);
			currentVersion = 03E708722C174FAE00C2E244 /* Quotes.xcdatamodel */;
			path = Quotes.xcdatamodeld;
			sourceTree = "<group>";
			versionGroupType = wrapper.xcdatamodel;
		};
/* End XCVersionGroup section */
	};
	rootObject = 03E7085B2C174FAD00C2E244 /* Project object */;
}
