// !$*UTF8*$!
{
	archiveVersion = 1;
	classes = {
	};
	objectVersion = 56;
	objects = {

/* Begin PBXBuildFile section */
		03AC16D52C144FEA00FE526A /* ToDoListApp.swift in Sources */ = {isa = PBXBuildFile; fileRef = 03AC16D42C144FEA00FE526A /* ToDoListApp.swift */; };
		03AC16D72C144FEA00FE526A /* MainView.swift in Sources */ = {isa = PBXBuildFile; fileRef = 03AC16D62C144FEA00FE526A /* MainView.swift */; };
		03AC16D92C144FEB00FE526A /* Assets.xcassets in Resources */ = {isa = PBXBuildFile; fileRef = 03AC16D82C144FEB00FE526A /* Assets.xcassets */; };
		03AC16DC2C144FEB00FE526A /* Preview Assets.xcassets in Resources */ = {isa = PBXBuildFile; fileRef = 03AC16DB2C144FEB00FE526A /* Preview Assets.xcassets */; };
		03AC16E42C1451E100FE526A /* FirebaseAuth in Frameworks */ = {isa = PBXBuildFile; productRef = 03AC16E32C1451E100FE526A /* FirebaseAuth */; };
		03AC16E62C1451E100FE526A /* FirebaseFirestore in Frameworks */ = {isa = PBXBuildFile; productRef = 03AC16E52C1451E100FE526A /* FirebaseFirestore */; };
		03AC16E82C1451E100FE526A /* FirebaseFirestoreSwift in Frameworks */ = {isa = PBXBuildFile; productRef = 03AC16E72C1451E100FE526A /* FirebaseFirestoreSwift */; };
		03AC16EA2C14541D00FE526A /* GoogleService-Info.plist in Resources */ = {isa = PBXBuildFile; fileRef = 03AC16E92C14541D00FE526A /* GoogleService-Info.plist */; };
		03AC16F02C1457BA00FE526A /* ProfileView.swift in Sources */ = {isa = PBXBuildFile; fileRef = 03AC16EF2C1457BA00FE526A /* ProfileView.swift */; };
		03AC16F22C1457D900FE526A /* ListView.swift in Sources */ = {isa = PBXBuildFile; fileRef = 03AC16F12C1457D900FE526A /* ListView.swift */; };
		03AC16F42C1457EB00FE526A /* AddView.swift in Sources */ = {isa = PBXBuildFile; fileRef = 03AC16F32C1457EB00FE526A /* AddView.swift */; };
		03AC16F62C14580300FE526A /* LoginView.swift in Sources */ = {isa = PBXBuildFile; fileRef = 03AC16F52C14580300FE526A /* LoginView.swift */; };
		03AC16F82C14580C00FE526A /* RegisterView.swift in Sources */ = {isa = PBXBuildFile; fileRef = 03AC16F72C14580C00FE526A /* RegisterView.swift */; };
		03AC16FA2C14586900FE526A /* ListRowView.swift in Sources */ = {isa = PBXBuildFile; fileRef = 03AC16F92C14586900FE526A /* ListRowView.swift */; };
		03AC16FC2C14588200FE526A /* User.swift in Sources */ = {isa = PBXBuildFile; fileRef = 03AC16FB2C14588200FE526A /* User.swift */; };
		03AC16FE2C14589000FE526A /* Item.swift in Sources */ = {isa = PBXBuildFile; fileRef = 03AC16FD2C14589000FE526A /* Item.swift */; };
		03AC17002C1458B100FE526A /* MainViewViewModel.swift in Sources */ = {isa = PBXBuildFile; fileRef = 03AC16FF2C1458B100FE526A /* MainViewViewModel.swift */; };
		03AC17022C1458C100FE526A /* ProfileViewViewModel.swift in Sources */ = {isa = PBXBuildFile; fileRef = 03AC17012C1458C100FE526A /* ProfileViewViewModel.swift */; };
		03AC17042C1458D200FE526A /* ListViewViewModel.swift in Sources */ = {isa = PBXBuildFile; fileRef = 03AC17032C1458D200FE526A /* ListViewViewModel.swift */; };
		03AC17062C1458DF00FE526A /* AddViewViewModel.swift in Sources */ = {isa = PBXBuildFile; fileRef = 03AC17052C1458DF00FE526A /* AddViewViewModel.swift */; };
		03AC17082C1458ED00FE526A /* LoginViewViewModel.swift in Sources */ = {isa = PBXBuildFile; fileRef = 03AC17072C1458ED00FE526A /* LoginViewViewModel.swift */; };
		03AC170A2C1458F900FE526A /* RegisterViewViewModel.swift in Sources */ = {isa = PBXBuildFile; fileRef = 03AC17092C1458F900FE526A /* RegisterViewViewModel.swift */; };
		03AC170C2C14590400FE526A /* ListRowViewViewModel.swift in Sources */ = {isa = PBXBuildFile; fileRef = 03AC170B2C14590400FE526A /* ListRowViewViewModel.swift */; };
		03AC170E2C14770000FE526A /* Extensions.swift in Sources */ = {isa = PBXBuildFile; fileRef = 03AC170D2C14770000FE526A /* Extensions.swift */; };
		03AC17102C150D7F00FE526A /* NoItemsView.swift in Sources */ = {isa = PBXBuildFile; fileRef = 03AC170F2C150D7F00FE526A /* NoItemsView.swift */; };
/* End PBXBuildFile section */

/* Begin PBXFileReference section */
		03AC16D12C144FEA00FE526A /* ToDoList.app */ = {isa = PBXFileReference; explicitFileType = wrapper.application; includeInIndex = 0; path = ToDoList.app; sourceTree = BUILT_PRODUCTS_DIR; };
		03AC16D42C144FEA00FE526A /* ToDoListApp.swift */ = {isa = PBXFileReference; lastKnownFileType = sourcecode.swift; path = ToDoListApp.swift; sourceTree = "<group>"; };
		03AC16D62C144FEA00FE526A /* MainView.swift */ = {isa = PBXFileReference; lastKnownFileType = sourcecode.swift; path = MainView.swift; sourceTree = "<group>"; };
		03AC16D82C144FEB00FE526A /* Assets.xcassets */ = {isa = PBXFileReference; lastKnownFileType = folder.assetcatalog; path = Assets.xcassets; sourceTree = "<group>"; };
		03AC16DB2C144FEB00FE526A /* Preview Assets.xcassets */ = {isa = PBXFileReference; lastKnownFileType = folder.assetcatalog; path = "Preview Assets.xcassets"; sourceTree = "<group>"; };
		03AC16E92C14541D00FE526A /* GoogleService-Info.plist */ = {isa = PBXFileReference; fileEncoding = 4; lastKnownFileType = text.plist.xml; path = "GoogleService-Info.plist"; sourceTree = "<group>"; };
		03AC16EF2C1457BA00FE526A /* ProfileView.swift */ = {isa = PBXFileReference; lastKnownFileType = sourcecode.swift; path = ProfileView.swift; sourceTree = "<group>"; };
		03AC16F12C1457D900FE526A /* ListView.swift */ = {isa = PBXFileReference; lastKnownFileType = sourcecode.swift; path = ListView.swift; sourceTree = "<group>"; };
		03AC16F32C1457EB00FE526A /* AddView.swift */ = {isa = PBXFileReference; lastKnownFileType = sourcecode.swift; path = AddView.swift; sourceTree = "<group>"; };
		03AC16F52C14580300FE526A /* LoginView.swift */ = {isa = PBXFileReference; lastKnownFileType = sourcecode.swift; path = LoginView.swift; sourceTree = "<group>"; };
		03AC16F72C14580C00FE526A /* RegisterView.swift */ = {isa = PBXFileReference; lastKnownFileType = sourcecode.swift; path = RegisterView.swift; sourceTree = "<group>"; };
		03AC16F92C14586900FE526A /* ListRowView.swift */ = {isa = PBXFileReference; lastKnownFileType = sourcecode.swift; path = ListRowView.swift; sourceTree = "<group>"; };
		03AC16FB2C14588200FE526A /* User.swift */ = {isa = PBXFileReference; lastKnownFileType = sourcecode.swift; path = User.swift; sourceTree = "<group>"; };
		03AC16FD2C14589000FE526A /* Item.swift */ = {isa = PBXFileReference; lastKnownFileType = sourcecode.swift; path = Item.swift; sourceTree = "<group>"; };
		03AC16FF2C1458B100FE526A /* MainViewViewModel.swift */ = {isa = PBXFileReference; lastKnownFileType = sourcecode.swift; path = MainViewViewModel.swift; sourceTree = "<group>"; };
		03AC17012C1458C100FE526A /* ProfileViewViewModel.swift */ = {isa = PBXFileReference; lastKnownFileType = sourcecode.swift; path = ProfileViewViewModel.swift; sourceTree = "<group>"; };
		03AC17032C1458D200FE526A /* ListViewViewModel.swift */ = {isa = PBXFileReference; lastKnownFileType = sourcecode.swift; path = ListViewViewModel.swift; sourceTree = "<group>"; };
		03AC17052C1458DF00FE526A /* AddViewViewModel.swift */ = {isa = PBXFileReference; lastKnownFileType = sourcecode.swift; path = AddViewViewModel.swift; sourceTree = "<group>"; };
		03AC17072C1458ED00FE526A /* LoginViewViewModel.swift */ = {isa = PBXFileReference; lastKnownFileType = sourcecode.swift; path = LoginViewViewModel.swift; sourceTree = "<group>"; };
		03AC17092C1458F900FE526A /* RegisterViewViewModel.swift */ = {isa = PBXFileReference; lastKnownFileType = sourcecode.swift; path = RegisterViewViewModel.swift; sourceTree = "<group>"; };
		03AC170B2C14590400FE526A /* ListRowViewViewModel.swift */ = {isa = PBXFileReference; lastKnownFileType = sourcecode.swift; path = ListRowViewViewModel.swift; sourceTree = "<group>"; };
		03AC170D2C14770000FE526A /* Extensions.swift */ = {isa = PBXFileReference; lastKnownFileType = sourcecode.swift; path = Extensions.swift; sourceTree = "<group>"; };
		03AC170F2C150D7F00FE526A /* NoItemsView.swift */ = {isa = PBXFileReference; lastKnownFileType = sourcecode.swift; path = NoItemsView.swift; sourceTree = "<group>"; };
/* End PBXFileReference section */

/* Begin PBXFrameworksBuildPhase section */
		03AC16CE2C144FEA00FE526A /* Frameworks */ = {
			isa = PBXFrameworksBuildPhase;
			buildActionMask = 2147483647;
			files = (
				03AC16E42C1451E100FE526A /* FirebaseAuth in Frameworks */,
				03AC16E62C1451E100FE526A /* FirebaseFirestore in Frameworks */,
				03AC16E82C1451E100FE526A /* FirebaseFirestoreSwift in Frameworks */,
			);
			runOnlyForDeploymentPostprocessing = 0;
		};
/* End PBXFrameworksBuildPhase section */

/* Begin PBXGroup section */
		03AC16C82C144FEA00FE526A = {
			isa = PBXGroup;
			children = (
				03AC16D32C144FEA00FE526A /* ToDoList */,
				03AC16D22C144FEA00FE526A /* Products */,
			);
			sourceTree = "<group>";
		};
		03AC16D22C144FEA00FE526A /* Products */ = {
			isa = PBXGroup;
			children = (
				03AC16D12C144FEA00FE526A /* ToDoList.app */,
			);
			name = Products;
			sourceTree = "<group>";
		};
		03AC16D32C144FEA00FE526A /* ToDoList */ = {
			isa = PBXGroup;
			children = (
				03AC16EE2C1455C700FE526A /* Other */,
				03AC16ED2C1455B800FE526A /* ViewModels */,
				03AC16EC2C1455AE00FE526A /* Models */,
				03AC16EB2C1455A800FE526A /* Views */,
				03AC16DA2C144FEB00FE526A /* Preview Content */,
			);
			path = ToDoList;
			sourceTree = "<group>";
		};
		03AC16DA2C144FEB00FE526A /* Preview Content */ = {
			isa = PBXGroup;
			children = (
				03AC16DB2C144FEB00FE526A /* Preview Assets.xcassets */,
			);
			path = "Preview Content";
			sourceTree = "<group>";
		};
		03AC16EB2C1455A800FE526A /* Views */ = {
			isa = PBXGroup;
			children = (
				03AC16D62C144FEA00FE526A /* MainView.swift */,
				03AC16EF2C1457BA00FE526A /* ProfileView.swift */,
				03AC16F12C1457D900FE526A /* ListView.swift */,
				03AC16F32C1457EB00FE526A /* AddView.swift */,
				03AC16F52C14580300FE526A /* LoginView.swift */,
				03AC16F72C14580C00FE526A /* RegisterView.swift */,
				03AC16F92C14586900FE526A /* ListRowView.swift */,
				03AC170F2C150D7F00FE526A /* NoItemsView.swift */,
			);
			path = Views;
			sourceTree = "<group>";
		};
		03AC16EC2C1455AE00FE526A /* Models */ = {
			isa = PBXGroup;
			children = (
				03AC16FB2C14588200FE526A /* User.swift */,
				03AC16FD2C14589000FE526A /* Item.swift */,
			);
			path = Models;
			sourceTree = "<group>";
		};
		03AC16ED2C1455B800FE526A /* ViewModels */ = {
			isa = PBXGroup;
			children = (
				03AC16FF2C1458B100FE526A /* MainViewViewModel.swift */,
				03AC17012C1458C100FE526A /* ProfileViewViewModel.swift */,
				03AC17032C1458D200FE526A /* ListViewViewModel.swift */,
				03AC17052C1458DF00FE526A /* AddViewViewModel.swift */,
				03AC17072C1458ED00FE526A /* LoginViewViewModel.swift */,
				03AC17092C1458F900FE526A /* RegisterViewViewModel.swift */,
				03AC170B2C14590400FE526A /* ListRowViewViewModel.swift */,
			);
			path = ViewModels;
			sourceTree = "<group>";
		};
		03AC16EE2C1455C700FE526A /* Other */ = {
			isa = PBXGroup;
			children = (
				03AC16E92C14541D00FE526A /* GoogleService-Info.plist */,
				03AC16D42C144FEA00FE526A /* ToDoListApp.swift */,
				03AC16D82C144FEB00FE526A /* Assets.xcassets */,
				03AC170D2C14770000FE526A /* Extensions.swift */,
			);
			path = Other;
			sourceTree = "<group>";
		};
/* End PBXGroup section */

/* Begin PBXNativeTarget section */
		03AC16D02C144FEA00FE526A /* ToDoList */ = {
			isa = PBXNativeTarget;
			buildConfigurationList = 03AC16DF2C144FEB00FE526A /* Build configuration list for PBXNativeTarget "ToDoList" */;
			buildPhases = (
				03AC16CD2C144FEA00FE526A /* Sources */,
				03AC16CE2C144FEA00FE526A /* Frameworks */,
				03AC16CF2C144FEA00FE526A /* Resources */,
			);
			buildRules = (
			);
			dependencies = (
			);
			name = ToDoList;
			packageProductDependencies = (
				03AC16E32C1451E100FE526A /* FirebaseAuth */,
				03AC16E52C1451E100FE526A /* FirebaseFirestore */,
				03AC16E72C1451E100FE526A /* FirebaseFirestoreSwift */,
			);
			productName = ToDoList;
			productReference = 03AC16D12C144FEA00FE526A /* ToDoList.app */;
			productType = "com.apple.product-type.application";
		};
/* End PBXNativeTarget section */

/* Begin PBXProject section */
		03AC16C92C144FEA00FE526A /* Project object */ = {
			isa = PBXProject;
			attributes = {
				BuildIndependentTargetsInParallel = YES;
				LastSwiftUpdateCheck = 1530;
				LastUpgradeCheck = 1530;
				TargetAttributes = {
					03AC16D02C144FEA00FE526A = {
						CreatedOnToolsVersion = 15.3;
					};
				};
			};
			buildConfigurationList = 03AC16CC2C144FEA00FE526A /* Build configuration list for PBXProject "ToDoList" */;
			compatibilityVersion = "Xcode 14.0";
			developmentRegion = en;
			hasScannedForEncodings = 0;
			knownRegions = (
				en,
				Base,
			);
			mainGroup = 03AC16C82C144FEA00FE526A;
			packageReferences = (
				03AC16E22C1451E100FE526A /* XCRemoteSwiftPackageReference "firebase-ios-sdk" */,
			);
			productRefGroup = 03AC16D22C144FEA00FE526A /* Products */;
			projectDirPath = "";
			projectRoot = "";
			targets = (
				03AC16D02C144FEA00FE526A /* ToDoList */,
			);
		};
/* End PBXProject section */

/* Begin PBXResourcesBuildPhase section */
		03AC16CF2C144FEA00FE526A /* Resources */ = {
			isa = PBXResourcesBuildPhase;
			buildActionMask = 2147483647;
			files = (
				03AC16DC2C144FEB00FE526A /* Preview Assets.xcassets in Resources */,
				03AC16D92C144FEB00FE526A /* Assets.xcassets in Resources */,
				03AC16EA2C14541D00FE526A /* GoogleService-Info.plist in Resources */,
			);
			runOnlyForDeploymentPostprocessing = 0;
		};
/* End PBXResourcesBuildPhase section */

/* Begin PBXSourcesBuildPhase section */
		03AC16CD2C144FEA00FE526A /* Sources */ = {
			isa = PBXSourcesBuildPhase;
			buildActionMask = 2147483647;
			files = (
				03AC16F62C14580300FE526A /* LoginView.swift in Sources */,
				03AC170E2C14770000FE526A /* Extensions.swift in Sources */,
				03AC16D72C144FEA00FE526A /* MainView.swift in Sources */,
				03AC170A2C1458F900FE526A /* RegisterViewViewModel.swift in Sources */,
				03AC17002C1458B100FE526A /* MainViewViewModel.swift in Sources */,
				03AC16F22C1457D900FE526A /* ListView.swift in Sources */,
				03AC16F82C14580C00FE526A /* RegisterView.swift in Sources */,
				03AC17022C1458C100FE526A /* ProfileViewViewModel.swift in Sources */,
				03AC16F02C1457BA00FE526A /* ProfileView.swift in Sources */,
				03AC16FC2C14588200FE526A /* User.swift in Sources */,
				03AC16FA2C14586900FE526A /* ListRowView.swift in Sources */,
				03AC17042C1458D200FE526A /* ListViewViewModel.swift in Sources */,
				03AC17102C150D7F00FE526A /* NoItemsView.swift in Sources */,
				03AC17082C1458ED00FE526A /* LoginViewViewModel.swift in Sources */,
				03AC16D52C144FEA00FE526A /* ToDoListApp.swift in Sources */,
				03AC16FE2C14589000FE526A /* Item.swift in Sources */,
				03AC16F42C1457EB00FE526A /* AddView.swift in Sources */,
				03AC17062C1458DF00FE526A /* AddViewViewModel.swift in Sources */,
				03AC170C2C14590400FE526A /* ListRowViewViewModel.swift in Sources */,
			);
			runOnlyForDeploymentPostprocessing = 0;
		};
/* End PBXSourcesBuildPhase section */

/* Begin XCBuildConfiguration section */
		03AC16DD2C144FEB00FE526A /* Debug */ = {
			isa = XCBuildConfiguration;
			buildSettings = {
				ALWAYS_SEARCH_USER_PATHS = NO;
				ASSETCATALOG_COMPILER_GENERATE_SWIFT_ASSET_SYMBOL_EXTENSIONS = YES;
				CLANG_ANALYZER_NONNULL = YES;
				CLANG_ANALYZER_NUMBER_OBJECT_CONVERSION = YES_AGGRESSIVE;
				CLANG_CXX_LANGUAGE_STANDARD = "gnu++20";
				CLANG_ENABLE_MODULES = YES;
				CLANG_ENABLE_OBJC_ARC = YES;
				CLANG_ENABLE_OBJC_WEAK = YES;
				CLANG_WARN_BLOCK_CAPTURE_AUTORELEASING = YES;
				CLANG_WARN_BOOL_CONVERSION = YES;
				CLANG_WARN_COMMA = YES;
				CLANG_WARN_CONSTANT_CONVERSION = YES;
				CLANG_WARN_DEPRECATED_OBJC_IMPLEMENTATIONS = YES;
				CLANG_WARN_DIRECT_OBJC_ISA_USAGE = YES_ERROR;
				CLANG_WARN_DOCUMENTATION_COMMENTS = YES;
				CLANG_WARN_EMPTY_BODY = YES;
				CLANG_WARN_ENUM_CONVERSION = YES;
				CLANG_WARN_INFINITE_RECURSION = YES;
				CLANG_WARN_INT_CONVERSION = YES;
				CLANG_WARN_NON_LITERAL_NULL_CONVERSION = YES;
				CLANG_WARN_OBJC_IMPLICIT_RETAIN_SELF = YES;
				CLANG_WARN_OBJC_LITERAL_CONVERSION = YES;
				CLANG_WARN_OBJC_ROOT_CLASS = YES_ERROR;
				CLANG_WARN_QUOTED_INCLUDE_IN_FRAMEWORK_HEADER = YES;
				CLANG_WARN_RANGE_LOOP_ANALYSIS = YES;
				CLANG_WARN_STRICT_PROTOTYPES = YES;
				CLANG_WARN_SUSPICIOUS_MOVE = YES;
				CLANG_WARN_UNGUARDED_AVAILABILITY = YES_AGGRESSIVE;
				CLANG_WARN_UNREACHABLE_CODE = YES;
				CLANG_WARN__DUPLICATE_METHOD_MATCH = YES;
				COPY_PHASE_STRIP = NO;
				DEBUG_INFORMATION_FORMAT = dwarf;
				ENABLE_STRICT_OBJC_MSGSEND = YES;
				ENABLE_TESTABILITY = YES;
				ENABLE_USER_SCRIPT_SANDBOXING = YES;
				GCC_C_LANGUAGE_STANDARD = gnu17;
				GCC_DYNAMIC_NO_PIC = NO;
				GCC_NO_COMMON_BLOCKS = YES;
				GCC_OPTIMIZATION_LEVEL = 0;
				GCC_PREPROCESSOR_DEFINITIONS = (
					"DEBUG=1",
					"$(inherited)",
				);
				GCC_WARN_64_TO_32_BIT_CONVERSION = YES;
				GCC_WARN_ABOUT_RETURN_TYPE = YES_ERROR;
				GCC_WARN_UNDECLARED_SELECTOR = YES;
				GCC_WARN_UNINITIALIZED_AUTOS = YES_AGGRESSIVE;
				GCC_WARN_UNUSED_FUNCTION = YES;
				GCC_WARN_UNUSED_VARIABLE = YES;
				IPHONEOS_DEPLOYMENT_TARGET = 17.4;
				LOCALIZATION_PREFERS_STRING_CATALOGS = YES;
				MTL_ENABLE_DEBUG_INFO = INCLUDE_SOURCE;
				MTL_FAST_MATH = YES;
				ONLY_ACTIVE_ARCH = YES;
				SDKROOT = iphoneos;
				SWIFT_ACTIVE_COMPILATION_CONDITIONS = "DEBUG $(inherited)";
				SWIFT_OPTIMIZATION_LEVEL = "-Onone";
			};
			name = Debug;
		};
		03AC16DE2C144FEB00FE526A /* Release */ = {
			isa = XCBuildConfiguration;
			buildSettings = {
				ALWAYS_SEARCH_USER_PATHS = NO;
				ASSETCATALOG_COMPILER_GENERATE_SWIFT_ASSET_SYMBOL_EXTENSIONS = YES;
				CLANG_ANALYZER_NONNULL = YES;
				CLANG_ANALYZER_NUMBER_OBJECT_CONVERSION = YES_AGGRESSIVE;
				CLANG_CXX_LANGUAGE_STANDARD = "gnu++20";
				CLANG_ENABLE_MODULES = YES;
				CLANG_ENABLE_OBJC_ARC = YES;
				CLANG_ENABLE_OBJC_WEAK = YES;
				CLANG_WARN_BLOCK_CAPTURE_AUTORELEASING = YES;
				CLANG_WARN_BOOL_CONVERSION = YES;
				CLANG_WARN_COMMA = YES;
				CLANG_WARN_CONSTANT_CONVERSION = YES;
				CLANG_WARN_DEPRECATED_OBJC_IMPLEMENTATIONS = YES;
				CLANG_WARN_DIRECT_OBJC_ISA_USAGE = YES_ERROR;
				CLANG_WARN_DOCUMENTATION_COMMENTS = YES;
				CLANG_WARN_EMPTY_BODY = YES;
				CLANG_WARN_ENUM_CONVERSION = YES;
				CLANG_WARN_INFINITE_RECURSION = YES;
				CLANG_WARN_INT_CONVERSION = YES;
				CLANG_WARN_NON_LITERAL_NULL_CONVERSION = YES;
				CLANG_WARN_OBJC_IMPLICIT_RETAIN_SELF = YES;
				CLANG_WARN_OBJC_LITERAL_CONVERSION = YES;
				CLANG_WARN_OBJC_ROOT_CLASS = YES_ERROR;
				CLANG_WARN_QUOTED_INCLUDE_IN_FRAMEWORK_HEADER = YES;
				CLANG_WARN_RANGE_LOOP_ANALYSIS = YES;
				CLANG_WARN_STRICT_PROTOTYPES = YES;
				CLANG_WARN_SUSPICIOUS_MOVE = YES;
				CLANG_WARN_UNGUARDED_AVAILABILITY = YES_AGGRESSIVE;
				CLANG_WARN_UNREACHABLE_CODE = YES;
				CLANG_WARN__DUPLICATE_METHOD_MATCH = YES;
				COPY_PHASE_STRIP = NO;
				DEBUG_INFORMATION_FORMAT = "dwarf-with-dsym";
				ENABLE_NS_ASSERTIONS = NO;
				ENABLE_STRICT_OBJC_MSGSEND = YES;
				ENABLE_USER_SCRIPT_SANDBOXING = YES;
				GCC_C_LANGUAGE_STANDARD = gnu17;
				GCC_NO_COMMON_BLOCKS = YES;
				GCC_WARN_64_TO_32_BIT_CONVERSION = YES;
				GCC_WARN_ABOUT_RETURN_TYPE = YES_ERROR;
				GCC_WARN_UNDECLARED_SELECTOR = YES;
				GCC_WARN_UNINITIALIZED_AUTOS = YES_AGGRESSIVE;
				GCC_WARN_UNUSED_FUNCTION = YES;
				GCC_WARN_UNUSED_VARIABLE = YES;
				IPHONEOS_DEPLOYMENT_TARGET = 17.4;
				LOCALIZATION_PREFERS_STRING_CATALOGS = YES;
				MTL_ENABLE_DEBUG_INFO = NO;
				MTL_FAST_MATH = YES;
				SDKROOT = iphoneos;
				SWIFT_COMPILATION_MODE = wholemodule;
				VALIDATE_PRODUCT = YES;
			};
			name = Release;
		};
		03AC16E02C144FEB00FE526A /* Debug */ = {
			isa = XCBuildConfiguration;
			buildSettings = {
				ASSETCATALOG_COMPILER_APPICON_NAME = AppIcon;
				ASSETCATALOG_COMPILER_GLOBAL_ACCENT_COLOR_NAME = AccentColor;
				CODE_SIGN_STYLE = Automatic;
				CURRENT_PROJECT_VERSION = 1;
				DEVELOPMENT_ASSET_PATHS = "\"ToDoList/Preview Content\"";
				DEVELOPMENT_TEAM = 7S577HFPMD;
				ENABLE_PREVIEWS = YES;
				GENERATE_INFOPLIST_FILE = YES;
				INFOPLIST_KEY_CFBundleDisplayName = "To Do List";
				INFOPLIST_KEY_UIApplicationSceneManifest_Generation = YES;
				INFOPLIST_KEY_UIApplicationSupportsIndirectInputEvents = YES;
				INFOPLIST_KEY_UILaunchScreen_Generation = YES;
				INFOPLIST_KEY_UISupportedInterfaceOrientations = UIInterfaceOrientationPortrait;
				LD_RUNPATH_SEARCH_PATHS = (
					"$(inherited)",
					"@executable_path/Frameworks",
				);
				MARKETING_VERSION = 1.0;
				PRODUCT_BUNDLE_IDENTIFIER = com.scheuringtamas.ToDoList;
				PRODUCT_NAME = "$(TARGET_NAME)";
				SWIFT_EMIT_LOC_STRINGS = YES;
				SWIFT_VERSION = 5.0;
				TARGETED_DEVICE_FAMILY = "1,2";
			};
			name = Debug;
		};
		03AC16E12C144FEB00FE526A /* Release */ = {
			isa = XCBuildConfiguration;
			buildSettings = {
				ASSETCATALOG_COMPILER_APPICON_NAME = AppIcon;
				ASSETCATALOG_COMPILER_GLOBAL_ACCENT_COLOR_NAME = AccentColor;
				CODE_SIGN_STYLE = Automatic;
				CURRENT_PROJECT_VERSION = 1;
				DEVELOPMENT_ASSET_PATHS = "\"ToDoList/Preview Content\"";
				DEVELOPMENT_TEAM = 7S577HFPMD;
				ENABLE_PREVIEWS = YES;
				GENERATE_INFOPLIST_FILE = YES;
				INFOPLIST_KEY_CFBundleDisplayName = "To Do List";
				INFOPLIST_KEY_UIApplicationSceneManifest_Generation = YES;
				INFOPLIST_KEY_UIApplicationSupportsIndirectInputEvents = YES;
				INFOPLIST_KEY_UILaunchScreen_Generation = YES;
				INFOPLIST_KEY_UISupportedInterfaceOrientations = UIInterfaceOrientationPortrait;
				LD_RUNPATH_SEARCH_PATHS = (
					"$(inherited)",
					"@executable_path/Frameworks",
				);
				MARKETING_VERSION = 1.0;
				PRODUCT_BUNDLE_IDENTIFIER = com.scheuringtamas.ToDoList;
				PRODUCT_NAME = "$(TARGET_NAME)";
				SWIFT_EMIT_LOC_STRINGS = YES;
				SWIFT_VERSION = 5.0;
				TARGETED_DEVICE_FAMILY = "1,2";
			};
			name = Release;
		};
/* End XCBuildConfiguration section */

/* Begin XCConfigurationList section */
		03AC16CC2C144FEA00FE526A /* Build configuration list for PBXProject "ToDoList" */ = {
			isa = XCConfigurationList;
			buildConfigurations = (
				03AC16DD2C144FEB00FE526A /* Debug */,
				03AC16DE2C144FEB00FE526A /* Release */,
			);
			defaultConfigurationIsVisible = 0;
			defaultConfigurationName = Release;
		};
		03AC16DF2C144FEB00FE526A /* Build configuration list for PBXNativeTarget "ToDoList" */ = {
			isa = XCConfigurationList;
			buildConfigurations = (
				03AC16E02C144FEB00FE526A /* Debug */,
				03AC16E12C144FEB00FE526A /* Release */,
			);
			defaultConfigurationIsVisible = 0;
			defaultConfigurationName = Release;
		};
/* End XCConfigurationList section */

/* Begin XCRemoteSwiftPackageReference section */
		03AC16E22C1451E100FE526A /* XCRemoteSwiftPackageReference "firebase-ios-sdk" */ = {
			isa = XCRemoteSwiftPackageReference;
			repositoryURL = "https://github.com/firebase/firebase-ios-sdk";
			requirement = {
				kind = upToNextMajorVersion;
				minimumVersion = 10.27.0;
			};
		};
/* End XCRemoteSwiftPackageReference section */

/* Begin XCSwiftPackageProductDependency section */
		03AC16E32C1451E100FE526A /* FirebaseAuth */ = {
			isa = XCSwiftPackageProductDependency;
			package = 03AC16E22C1451E100FE526A /* XCRemoteSwiftPackageReference "firebase-ios-sdk" */;
			productName = FirebaseAuth;
		};
		03AC16E52C1451E100FE526A /* FirebaseFirestore */ = {
			isa = XCSwiftPackageProductDependency;
			package = 03AC16E22C1451E100FE526A /* XCRemoteSwiftPackageReference "firebase-ios-sdk" */;
			productName = FirebaseFirestore;
		};
		03AC16E72C1451E100FE526A /* FirebaseFirestoreSwift */ = {
			isa = XCSwiftPackageProductDependency;
			package = 03AC16E22C1451E100FE526A /* XCRemoteSwiftPackageReference "firebase-ios-sdk" */;
			productName = FirebaseFirestoreSwift;
		};
/* End XCSwiftPackageProductDependency section */
	};
	rootObject = 03AC16C92C144FEA00FE526A /* Project object */;
}
